{
  "name": "flowercatlog",
  "version": "1.0.0",
  "lockfileVersion": 2,
  "requires": true,
  "packages": {
    "": {
      "name": "flowercatlog",
      "version": "1.0.0",
      "license": "ISC",
      "dependencies": {
        "server": "github:ankammaraod/server"
      }
    },
    "node_modules/server": {
      "version": "1.0.0",
      "resolved": "git+ssh://git@github.com/ankammaraod/server.git#e5f91ec4f2ea3ac8c585f1d8c0beb4e51dc863ca",
      "license": "ISC"
    }
  },
  "dependencies": {
    "server": {
      "version": "git+ssh://git@github.com/ankammaraod/server.git#e5f91ec4f2ea3ac8c585f1d8c0beb4e51dc863ca",
      "from": "server@github:ankammaraod/server"
    }
  }
}
